
Microsoft Visual Studio Solution File, Format Version 12.00
# Visual Studio Version 17
VisualStudioVersion = 17.10.35122.118
MinimumVisualStudioVersion = 10.0.40219.1
Project("{9A19103F-16F7-4668-BE54-9A1E7A4F7556}") = "ApiCouponProduct", "ApiCouponProduct\ApiCouponProduct.csproj", "{EF81F2CE-2194-4EA2-A1A9-864E1A9BB1EB}"
EndProject
Project("{9A19103F-16F7-4668-BE54-9A1E7A4F7556}") = "ApiCouponProduct.Application", "ApiCouponProduct.Application\ApiCouponProduct.Application.csproj", "{CA11AF6E-BEAA-4E49-8286-E254DF833C84}"
EndProject
Project("{9A19103F-16F7-4668-BE54-9A1E7A4F7556}") = "ApiCouponProduct.Database", "ApiCouponProduct.Database\ApiCouponProduct.Database.csproj", "{84A19DCD-1980-4D22-AF0C-A0C4232DFC30}"
EndProject
Project("{9A19103F-16F7-4668-BE54-9A1E7A4F7556}") = "ApiCouponProduct.Domain", "ApiCouponProduct.Domain\ApiCouponProduct.Domain.csproj", "{C8BE8230-FEF0-495F-9A1C-DB75AE809529}"
EndProject
Project("{FAE04EC0-301F-11D3-BF4B-00C04F79EFBC}") = "Migrator", "Migrator\Migrator.csproj", "{25E6D398-D8C8-44CF-BDAE-2A93C74988B9}"
EndProject
Global
	GlobalSection(SolutionConfigurationPlatforms) = preSolution
		Debug|Any CPU = Debug|Any CPU
		Release|Any CPU = Release|Any CPU
	EndGlobalSection
	GlobalSection(ProjectConfigurationPlatforms) = postSolution
		{EF81F2CE-2194-4EA2-A1A9-864E1A9BB1EB}.Debug|Any CPU.ActiveCfg = Debug|Any CPU
		{EF81F2CE-2194-4EA2-A1A9-864E1A9BB1EB}.Debug|Any CPU.Build.0 = Debug|Any CPU
		{EF81F2CE-2194-4EA2-A1A9-864E1A9BB1EB}.Release|Any CPU.ActiveCfg = Release|Any CPU
		{EF81F2CE-2194-4EA2-A1A9-864E1A9BB1EB}.Release|Any CPU.Build.0 = Release|Any CPU
		{CA11AF6E-BEAA-4E49-8286-E254DF833C84}.Debug|Any CPU.ActiveCfg = Debug|Any CPU
		{CA11AF6E-BEAA-4E49-8286-E254DF833C84}.Debug|Any CPU.Build.0 = Debug|Any CPU
		{CA11AF6E-BEAA-4E49-8286-E254DF833C84}.Release|Any CPU.ActiveCfg = Release|Any CPU
		{CA11AF6E-BEAA-4E49-8286-E254DF833C84}.Release|Any CPU.Build.0 = Release|Any CPU
		{84A19DCD-1980-4D22-AF0C-A0C4232DFC30}.Debug|Any CPU.ActiveCfg = Debug|Any CPU
		{84A19DCD-1980-4D22-AF0C-A0C4232DFC30}.Debug|Any CPU.Build.0 = Debug|Any CPU
		{84A19DCD-1980-4D22-AF0C-A0C4232DFC30}.Release|Any CPU.ActiveCfg = Release|Any CPU
		{84A19DCD-1980-4D22-AF0C-A0C4232DFC30}.Release|Any CPU.Build.0 = Release|Any CPU
		{C8BE8230-FEF0-495F-9A1C-DB75AE809529}.Debug|Any CPU.ActiveCfg = Debug|Any CPU
		{C8BE8230-FEF0-495F-9A1C-DB75AE809529}.Debug|Any CPU.Build.0 = Debug|Any CPU
		{C8BE8230-FEF0-495F-9A1C-DB75AE809529}.Release|Any CPU.ActiveCfg = Release|Any CPU
		{C8BE8230-FEF0-495F-9A1C-DB75AE809529}.Release|Any CPU.Build.0 = Release|Any CPU
		{25E6D398-D8C8-44CF-BDAE-2A93C74988B9}.Debug|Any CPU.ActiveCfg = Debug|Any CPU
		{25E6D398-D8C8-44CF-BDAE-2A93C74988B9}.Debug|Any CPU.Build.0 = Debug|Any CPU
		{25E6D398-D8C8-44CF-BDAE-2A93C74988B9}.Release|Any CPU.ActiveCfg = Release|Any CPU
		{25E6D398-D8C8-44CF-BDAE-2A93C74988B9}.Release|Any CPU.Build.0 = Release|Any CPU
	EndGlobalSection
	GlobalSection(SolutionProperties) = preSolution
		HideSolutionNode = FALSE
	EndGlobalSection
	GlobalSection(ExtensibilityGlobals) = postSolution
		SolutionGuid = {BDE5A0FE-CAFB-4C7F-9F5E-01AE601B338B}
	EndGlobalSection
EndGlobal
