
Microsoft Visual Studio Solution File, Format Version 12.00
# Visual Studio Version 17
VisualStudioVersion = 17.10.35013.160
MinimumVisualStudioVersion = 10.0.40219.1
Project("{FAE04EC0-301F-11D3-BF4B-00C04F79EFBC}") = "OnlineShopWebAPI", "OnlineShopWebAPI\OnlineShopWebAPI.csproj", "{C7FB3F86-5D57-4664-8EB8-859833EA8283}"
EndProject
Project("{FAE04EC0-301F-11D3-BF4B-00C04F79EFBC}") = "OnlineShopWebAPI.Domain", "OnlineShopWebAPI.Domain\OnlineShopWebAPI.Domain.csproj", "{5C3B6B01-C86A-44C7-AE5F-B0BAD39A79D4}"
EndProject
Project("{FAE04EC0-301F-11D3-BF4B-00C04F79EFBC}") = "OnlineShopWebAPI.Database", "OnlineShopWebAPI.Database\OnlineShopWebAPI.Database.csproj", "{8303A211-2AF7-4622-AA31-8A73CD6E4678}"
EndProject
Global
	GlobalSection(SolutionConfigurationPlatforms) = preSolution
		Debug|Any CPU = Debug|Any CPU
		Release|Any CPU = Release|Any CPU
	EndGlobalSection
	GlobalSection(ProjectConfigurationPlatforms) = postSolution
		{C7FB3F86-5D57-4664-8EB8-859833EA8283}.Debug|Any CPU.ActiveCfg = Debug|Any CPU
		{C7FB3F86-5D57-4664-8EB8-859833EA8283}.Debug|Any CPU.Build.0 = Debug|Any CPU
		{C7FB3F86-5D57-4664-8EB8-859833EA8283}.Release|Any CPU.ActiveCfg = Release|Any CPU
		{C7FB3F86-5D57-4664-8EB8-859833EA8283}.Release|Any CPU.Build.0 = Release|Any CPU
		{5C3B6B01-C86A-44C7-AE5F-B0BAD39A79D4}.Debug|Any CPU.ActiveCfg = Debug|Any CPU
		{5C3B6B01-C86A-44C7-AE5F-B0BAD39A79D4}.Debug|Any CPU.Build.0 = Debug|Any CPU
		{5C3B6B01-C86A-44C7-AE5F-B0BAD39A79D4}.Release|Any CPU.ActiveCfg = Release|Any CPU
		{5C3B6B01-C86A-44C7-AE5F-B0BAD39A79D4}.Release|Any CPU.Build.0 = Release|Any CPU
		{8303A211-2AF7-4622-AA31-8A73CD6E4678}.Debug|Any CPU.ActiveCfg = Debug|Any CPU
		{8303A211-2AF7-4622-AA31-8A73CD6E4678}.Debug|Any CPU.Build.0 = Debug|Any CPU
		{8303A211-2AF7-4622-AA31-8A73CD6E4678}.Release|Any CPU.ActiveCfg = Release|Any CPU
		{8303A211-2AF7-4622-AA31-8A73CD6E4678}.Release|Any CPU.Build.0 = Release|Any CPU
	EndGlobalSection
	GlobalSection(SolutionProperties) = preSolution
		HideSolutionNode = FALSE
	EndGlobalSection
	GlobalSection(ExtensibilityGlobals) = postSolution
		SolutionGuid = {0691F4EF-7A46-43AB-A09A-BF2A6C79E89F}
	EndGlobalSection
EndGlobal
