
Microsoft Visual Studio Solution File, Format Version 12.00
# Visual Studio Version 17
VisualStudioVersion = 17.10.35013.160
MinimumVisualStudioVersion = 10.0.40219.1
Project("{9A19103F-16F7-4668-BE54-9A1E7A4F7556}") = "ApiOnlineShopWeb", "ApiOnlineShopWeb\ApiOnlineShopWeb.csproj", "{58946200-8EDD-41F0-853D-E2FFAC449406}"
EndProject
Project("{9A19103F-16F7-4668-BE54-9A1E7A4F7556}") = "ApiOnlineShopWeb.Domain", "ApiOnlineShopWeb.Domain\ApiOnlineShopWeb.Domain.csproj", "{151569A3-C9D1-4674-A093-E039CB0989D2}"
EndProject
Project("{9A19103F-16F7-4668-BE54-9A1E7A4F7556}") = "ApiOnlineShopWeb.Database", "ApiOnlineShopWeb.Database\ApiOnlineShopWeb.Database.csproj", "{CBCFBC42-8E15-4957-B335-9ED20ED11992}"
EndProject
Project("{FAE04EC0-301F-11D3-BF4B-00C04F79EFBC}") = "Migrator", "Migrator\Migrator.csproj", "{B074FD40-4916-427B-ADBE-961F036C8EDC}"
EndProject
Global
	GlobalSection(SolutionConfigurationPlatforms) = preSolution
		Debug|Any CPU = Debug|Any CPU
		Release|Any CPU = Release|Any CPU
	EndGlobalSection
	GlobalSection(ProjectConfigurationPlatforms) = postSolution
		{58946200-8EDD-41F0-853D-E2FFAC449406}.Debug|Any CPU.ActiveCfg = Debug|Any CPU
		{58946200-8EDD-41F0-853D-E2FFAC449406}.Debug|Any CPU.Build.0 = Debug|Any CPU
		{58946200-8EDD-41F0-853D-E2FFAC449406}.Release|Any CPU.ActiveCfg = Release|Any CPU
		{58946200-8EDD-41F0-853D-E2FFAC449406}.Release|Any CPU.Build.0 = Release|Any CPU
		{151569A3-C9D1-4674-A093-E039CB0989D2}.Debug|Any CPU.ActiveCfg = Debug|Any CPU
		{151569A3-C9D1-4674-A093-E039CB0989D2}.Debug|Any CPU.Build.0 = Debug|Any CPU
		{151569A3-C9D1-4674-A093-E039CB0989D2}.Release|Any CPU.ActiveCfg = Release|Any CPU
		{151569A3-C9D1-4674-A093-E039CB0989D2}.Release|Any CPU.Build.0 = Release|Any CPU
		{CBCFBC42-8E15-4957-B335-9ED20ED11992}.Debug|Any CPU.ActiveCfg = Debug|Any CPU
		{CBCFBC42-8E15-4957-B335-9ED20ED11992}.Debug|Any CPU.Build.0 = Debug|Any CPU
		{CBCFBC42-8E15-4957-B335-9ED20ED11992}.Release|Any CPU.ActiveCfg = Release|Any CPU
		{CBCFBC42-8E15-4957-B335-9ED20ED11992}.Release|Any CPU.Build.0 = Release|Any CPU
		{B074FD40-4916-427B-ADBE-961F036C8EDC}.Debug|Any CPU.ActiveCfg = Debug|Any CPU
		{B074FD40-4916-427B-ADBE-961F036C8EDC}.Debug|Any CPU.Build.0 = Debug|Any CPU
		{B074FD40-4916-427B-ADBE-961F036C8EDC}.Release|Any CPU.ActiveCfg = Release|Any CPU
		{B074FD40-4916-427B-ADBE-961F036C8EDC}.Release|Any CPU.Build.0 = Release|Any CPU
	EndGlobalSection
	GlobalSection(SolutionProperties) = preSolution
		HideSolutionNode = FALSE
	EndGlobalSection
	GlobalSection(ExtensibilityGlobals) = postSolution
		SolutionGuid = {8D4D68E0-5FDB-409D-BD95-D1E4BFD9334A}
	EndGlobalSection
EndGlobal
